{
  "name": "pwoffice-native",
  "lockfileVersion": 3,
  "requires": true,
  "packages": {
    "": {
      "dependencies": {
        "google-closure-compiler-java": "^20260720.0.0",
        "ws": "^8.21.1"
      }
    },
    "node_modules/google-closure-compiler-java": {
      "version": "20260720.0.0",
      "resolved": "https://registry.npmjs.org/google-closure-compiler-java/-/google-closure-compiler-java-20260720.0.0.tgz",
      "integrity": "sha512-J8nIMt/baJsSDP9q6e4u9CDxNZUiPej2r0/6FdjtZBsAdzcd+rcs/0fxBOOc8C74jrKoC3Hc9l7kClfOyKV84w==",
      "license": "Apache-2.0"
    },
    "node_modules/ws": {
      "version": "8.21.1",
      "resolved": "https://registry.npmjs.org/ws/-/ws-8.21.1.tgz",
      "integrity": "sha512-+0NTnW77fFN/DjQi6k/Sq/Yvk4Sgajw7urW8V+asjXnRgDs9gyGkdb7EzgfhA4goXsRIZKE28fzIXBHEzhuiWw==",
      "license": "MIT",
      "engines": {
        "node": ">=10.0.0"
      },
      "peerDependencies": {
        "bufferutil": "^4.0.1",
        "utf-8-validate": ">=5.0.2"
      },
      "peerDependenciesMeta": {
        "bufferutil": {
          "optional": true
        },
        "utf-8-validate": {
          "optional": true
        }
      }
    }
  }
}
